// !$*UTF8*$!
{
	archiveVersion = 1;
	classes = {
	};
	objectVersion = 77;
	objects = {

/* Begin PBXContainerItemProxy section */
		9A23A4172E1FF7C600D744D0 /* PBXContainerItemProxy */ = {
			isa = PBXContainerItemProxy;
			containerPortal = 9A23A4012E1FF7C400D744D0 /* Project object */;
			proxyType = 1;
			remoteGlobalIDString = 9A23A4082E1FF7C400D744D0;
			remoteInfo = vitesse;
		};
		9A23A4212E1FF7C600D744D0 /* PBXContainerItemProxy */ = {
			isa = PBXContainerItemProxy;
			containerPortal = 9A23A4012E1FF7C400D744D0 /* Project object */;
			proxyType = 1;
			remoteGlobalIDString = 9A23A4082E1FF7C400D744D0;
			remoteInfo = vitesse;
		};
/* End PBXContainerItemProxy section */

/* Begin PBXFileReference section */
		9A23A4092E1FF7C400D744D0 /* Vitesse.app */ = {isa = PBXFileReference; explicitFileType = wrapper.application; includeInIndex = 0; path = Vitesse.app; sourceTree = BUILT_PRODUCTS_DIR; };
		9A23A4162E1FF7C600D744D0 /* VitesseTests.xctest */ = {isa = PBXFileReference; explicitFileType = wrapper.cfbundle; includeInIndex = 0; path = VitesseTests.xctest; sourceTree = BUILT_PRODUCTS_DIR; };
		9A23A4202E1FF7C600D744D0 /* VitesseUITests.xctest */ = {isa = PBXFileReference; explicitFileType = wrapper.cfbundle; includeInIndex = 0; path = VitesseUITests.xctest; sourceTree = BUILT_PRODUCTS_DIR; };
		9A34B3FC2E732E7D002DA84D /* Info.plist */ = {isa = PBXFileReference; lastKnownFileType = text.plist.xml; path = Info.plist; sourceTree = "<group>"; };
/* End PBXFileReference section */

/* Begin PBXFileSystemSynchronizedBuildFileExceptionSet section */
		9AD7C4302E414920003EF579 /* Exceptions for "vitesse" folder in "Vitesse" target */ = {
			isa = PBXFileSystemSynchronizedBuildFileExceptionSet;
			membershipExceptions = (
				ContentView.swift,
				vitesseApp.swift,
			);
			target = 9A23A4082E1FF7C400D744D0 /* Vitesse */;
		};
/* End PBXFileSystemSynchronizedBuildFileExceptionSet section */

/* Begin PBXFileSystemSynchronizedRootGroup section */
		9A23A40B2E1FF7C400D744D0 /* vitesse */ = {
			isa = PBXFileSystemSynchronizedRootGroup;
			path = vitesse;
			sourceTree = "<group>";
		};
		9A23A4192E1FF7C600D744D0 /* vitesseTests */ = {
			isa = PBXFileSystemSynchronizedRootGroup;
			path = vitesseTests;
			sourceTree = "<group>";
		};
		9A23A4232E1FF7C600D744D0 /* vitesseUITests */ = {
			isa = PBXFileSystemSynchronizedRootGroup;
			path = vitesseUITests;
			sourceTree = "<group>";
		};
		9A23A4332E1FF81000D744D0 /* Models */ = {
			isa = PBXFileSystemSynchronizedRootGroup;
			path = Models;
			sourceTree = "<group>";
		};
		9A23A4342E1FF81B00D744D0 /* Views */ = {
			isa = PBXFileSystemSynchronizedRootGroup;
			path = Views;
			sourceTree = "<group>";
		};
		9A23A4462E2007D900D744D0 /* ViewModels */ = {
			isa = PBXFileSystemSynchronizedRootGroup;
			path = ViewModels;
			sourceTree = "<group>";
		};
		9A23A4A62E21367200D744D0 /* Services */ = {
			isa = PBXFileSystemSynchronizedRootGroup;
			path = Services;
			sourceTree = "<group>";
		};
		9A5F4FAE2E313B1600AAA8C6 /* Utils */ = {
			isa = PBXFileSystemSynchronizedRootGroup;
			path = Utils;
			sourceTree = "<group>";
		};
		9AD7C3A02E402FE1003EF579 /* vitesse */ = {
			isa = PBXFileSystemSynchronizedRootGroup;
			exceptions = (
				9AD7C4302E414920003EF579 /* Exceptions for "vitesse" folder in "Vitesse" target */,
			);
			path = vitesse;
			sourceTree = "<group>";
		};
/* End PBXFileSystemSynchronizedRootGroup section */

/* Begin PBXFrameworksBuildPhase section */
		9A23A4062E1FF7C400D744D0 /* Frameworks */ = {
			isa = PBXFrameworksBuildPhase;
			buildActionMask = 2147483647;
			files = (
			);
			runOnlyForDeploymentPostprocessing = 0;
		};
		9A23A4132E1FF7C600D744D0 /* Frameworks */ = {
			isa = PBXFrameworksBuildPhase;
			buildActionMask = 2147483647;
			files = (
			);
			runOnlyForDeploymentPostprocessing = 0;
		};
		9A23A41D2E1FF7C600D744D0 /* Frameworks */ = {
			isa = PBXFrameworksBuildPhase;
			buildActionMask = 2147483647;
			files = (
			);
			runOnlyForDeploymentPostprocessing = 0;
		};
/* End PBXFrameworksBuildPhase section */

/* Begin PBXGroup section */
		9A23A4002E1FF7C400D744D0 = {
			isa = PBXGroup;
			children = (
				9A34B3FC2E732E7D002DA84D /* Info.plist */,
				9AD7C3A02E402FE1003EF579 /* vitesse */,
				9A5F4FAE2E313B1600AAA8C6 /* Utils */,
				9A23A4332E1FF81000D744D0 /* Models */,
				9A23A4342E1FF81B00D744D0 /* Views */,
				9A23A4462E2007D900D744D0 /* ViewModels */,
				9A23A4A62E21367200D744D0 /* Services */,
				9A23A40B2E1FF7C400D744D0 /* vitesse */,
				9A23A4192E1FF7C600D744D0 /* vitesseTests */,
				9A23A4232E1FF7C600D744D0 /* vitesseUITests */,
				9A23A40A2E1FF7C400D744D0 /* Products */,
			);
			sourceTree = "<group>";
		};
		9A23A40A2E1FF7C400D744D0 /* Products */ = {
			isa = PBXGroup;
			children = (
				9A23A4092E1FF7C400D744D0 /* Vitesse.app */,
				9A23A4162E1FF7C600D744D0 /* VitesseTests.xctest */,
				9A23A4202E1FF7C600D744D0 /* VitesseUITests.xctest */,
			);
			name = Products;
			sourceTree = "<group>";
		};
/* End PBXGroup section */

/* Begin PBXNativeTarget section */
		9A23A4082E1FF7C400D744D0 /* Vitesse */ = {
			isa = PBXNativeTarget;
			buildConfigurationList = 9A23A42A2E1FF7C600D744D0 /* Build configuration list for PBXNativeTarget "Vitesse" */;
			buildPhases = (
				9A23A4052E1FF7C400D744D0 /* Sources */,
				9A23A4062E1FF7C400D744D0 /* Frameworks */,
			);
			buildRules = (
			);
			dependencies = (
			);
			fileSystemSynchronizedGroups = (
				9A23A40B2E1FF7C400D744D0 /* vitesse */,
				9A23A4332E1FF81000D744D0 /* Models */,
				9A23A4342E1FF81B00D744D0 /* Views */,
				9A23A4462E2007D900D744D0 /* ViewModels */,
				9A23A4A62E21367200D744D0 /* Services */,
				9A5F4FAE2E313B1600AAA8C6 /* Utils */,
				9AD7C3A02E402FE1003EF579 /* vitesse */,
			);
			name = Vitesse;
			packageProductDependencies = (
			);
			productName = vitesse;
			productReference = 9A23A4092E1FF7C400D744D0 /* Vitesse.app */;
			productType = "com.apple.product-type.application";
		};
		9A23A4152E1FF7C600D744D0 /* VitesseTests */ = {
			isa = PBXNativeTarget;
			buildConfigurationList = 9A23A42D2E1FF7C600D744D0 /* Build configuration list for PBXNativeTarget "VitesseTests" */;
			buildPhases = (
				9A23A4122E1FF7C600D744D0 /* Sources */,
				9A23A4132E1FF7C600D744D0 /* Frameworks */,
				9A23A4142E1FF7C600D744D0 /* Resources */,
			);
			buildRules = (
			);
			dependencies = (
				9A23A4182E1FF7C600D744D0 /* PBXTargetDependency */,
			);
			fileSystemSynchronizedGroups = (
				9A23A4192E1FF7C600D744D0 /* vitesseTests */,
			);
			name = VitesseTests;
			packageProductDependencies = (
			);
			productName = vitesseTests;
			productReference = 9A23A4162E1FF7C600D744D0 /* VitesseTests.xctest */;
			productType = "com.apple.product-type.bundle.unit-test";
		};
		9A23A41F2E1FF7C600D744D0 /* VitesseUITests */ = {
			isa = PBXNativeTarget;
			buildConfigurationList = 9A23A4302E1FF7C600D744D0 /* Build configuration list for PBXNativeTarget "VitesseUITests" */;
			buildPhases = (
				9A23A41C2E1FF7C600D744D0 /* Sources */,
				9A23A41D2E1FF7C600D744D0 /* Frameworks */,
				9A23A41E2E1FF7C600D744D0 /* Resources */,
			);
			buildRules = (
			);
			dependencies = (
				9A23A4222E1FF7C600D744D0 /* PBXTargetDependency */,
			);
			fileSystemSynchronizedGroups = (
				9A23A4232E1FF7C600D744D0 /* vitesseUITests */,
			);
			name = VitesseUITests;
			packageProductDependencies = (
			);
			productName = vitesseUITests;
			productReference = 9A23A4202E1FF7C600D744D0 /* VitesseUITests.xctest */;
			productType = "com.apple.product-type.bundle.ui-testing";
		};
/* End PBXNativeTarget section */

/* Begin PBXProject section */
		9A23A4012E1FF7C400D744D0 /* Project object */ = {
			isa = PBXProject;
			attributes = {
				BuildIndependentTargetsInParallel = 1;
				LastSwiftUpdateCheck = 1640;
				LastUpgradeCheck = 1640;
				TargetAttributes = {
					9A23A4082E1FF7C400D744D0 = {
						CreatedOnToolsVersion = 16.4;
					};
					9A23A4152E1FF7C600D744D0 = {
						CreatedOnToolsVersion = 16.4;
						TestTargetID = 9A23A4082E1FF7C400D744D0;
					};
					9A23A41F2E1FF7C600D744D0 = {
						CreatedOnToolsVersion = 16.4;
						TestTargetID = 9A23A4082E1FF7C400D744D0;
					};
				};
			};
			buildConfigurationList = 9A23A4042E1FF7C400D744D0 /* Build configuration list for PBXProject "Vitesse" */;
			developmentRegion = en;
			hasScannedForEncodings = 0;
			knownRegions = (
				en,
				Base,
			);
			mainGroup = 9A23A4002E1FF7C400D744D0;
			minimizedProjectReferenceProxies = 1;
			preferredProjectObjectVersion = 77;
			productRefGroup = 9A23A40A2E1FF7C400D744D0 /* Products */;
			projectDirPath = "";
			projectRoot = "";
			targets = (
				9A23A4082E1FF7C400D744D0 /* Vitesse */,
				9A23A4152E1FF7C600D744D0 /* VitesseTests */,
				9A23A41F2E1FF7C600D744D0 /* VitesseUITests */,
			);
		};
/* End PBXProject section */

/* Begin PBXResourcesBuildPhase section */
		9A23A4142E1FF7C600D744D0 /* Resources */ = {
			isa = PBXResourcesBuildPhase;
			buildActionMask = 2147483647;
			files = (
			);
			runOnlyForDeploymentPostprocessing = 0;
		};
		9A23A41E2E1FF7C600D744D0 /* Resources */ = {
			isa = PBXResourcesBuildPhase;
			buildActionMask = 2147483647;
			files = (
			);
			runOnlyForDeploymentPostprocessing = 0;
		};
/* End PBXResourcesBuildPhase section */

/* Begin PBXSourcesBuildPhase section */
		9A23A4052E1FF7C400D744D0 /* Sources */ = {
			isa = PBXSourcesBuildPhase;
			buildActionMask = 2147483647;
			files = (
			);
			runOnlyForDeploymentPostprocessing = 0;
		};
		9A23A4122E1FF7C600D744D0 /* Sources */ = {
			isa = PBXSourcesBuildPhase;
			buildActionMask = 2147483647;
			files = (
			);
			runOnlyForDeploymentPostprocessing = 0;
		};
		9A23A41C2E1FF7C600D744D0 /* Sources */ = {
			isa = PBXSourcesBuildPhase;
			buildActionMask = 2147483647;
			files = (
			);
			runOnlyForDeploymentPostprocessing = 0;
		};
/* End PBXSourcesBuildPhase section */

/* Begin PBXTargetDependency section */
		9A23A4182E1FF7C600D744D0 /* PBXTargetDependency */ = {
			isa = PBXTargetDependency;
			target = 9A23A4082E1FF7C400D744D0 /* Vitesse */;
			targetProxy = 9A23A4172E1FF7C600D744D0 /* PBXContainerItemProxy */;
		};
		9A23A4222E1FF7C600D744D0 /* PBXTargetDependency */ = {
			isa = PBXTargetDependency;
			target = 9A23A4082E1FF7C400D744D0 /* Vitesse */;
			targetProxy = 9A23A4212E1FF7C600D744D0 /* PBXContainerItemProxy */;
		};
/* End PBXTargetDependency section */

/* Begin XCBuildConfiguration section */
		9A23A4282E1FF7C600D744D0 /* Debug */ = {
			isa = XCBuildConfiguration;
			buildSettings = {
				ALWAYS_SEARCH_USER_PATHS = NO;
				ASSETCATALOG_COMPILER_GENERATE_SWIFT_ASSET_SYMBOL_EXTENSIONS = YES;
				CLANG_ANALYZER_NONNULL = YES;
				CLANG_ANALYZER_NUMBER_OBJECT_CONVERSION = YES_AGGRESSIVE;
				CLANG_CXX_LANGUAGE_STANDARD = "gnu++20";
				CLANG_ENABLE_MODULES = YES;
				CLANG_ENABLE_OBJC_ARC = YES;
				CLANG_ENABLE_OBJC_WEAK = YES;
				CLANG_WARN_BLOCK_CAPTURE_AUTORELEASING = YES;
				CLANG_WARN_BOOL_CONVERSION = YES;
				CLANG_WARN_COMMA = YES;
				CLANG_WARN_CONSTANT_CONVERSION = YES;
				CLANG_WARN_DEPRECATED_OBJC_IMPLEMENTATIONS = YES;
				CLANG_WARN_DIRECT_OBJC_ISA_USAGE = YES_ERROR;
				CLANG_WARN_DOCUMENTATION_COMMENTS = YES;
				CLANG_WARN_EMPTY_BODY = YES;
				CLANG_WARN_ENUM_CONVERSION = YES;
				CLANG_WARN_INFINITE_RECURSION = YES;
				CLANG_WARN_INT_CONVERSION = YES;
				CLANG_WARN_NON_LITERAL_NULL_CONVERSION = YES;
				CLANG_WARN_OBJC_IMPLICIT_RETAIN_SELF = YES;
				CLANG_WARN_OBJC_LITERAL_CONVERSION = YES;
				CLANG_WARN_OBJC_ROOT_CLASS = YES_ERROR;
				CLANG_WARN_QUOTED_INCLUDE_IN_FRAMEWORK_HEADER = YES;
				CLANG_WARN_RANGE_LOOP_ANALYSIS = YES;
				CLANG_WARN_STRICT_PROTOTYPES = YES;
				CLANG_WARN_SUSPICIOUS_MOVE = YES;
				CLANG_WARN_UNGUARDED_AVAILABILITY = YES_AGGRESSIVE;
				CLANG_WARN_UNREACHABLE_CODE = YES;
				CLANG_WARN__DUPLICATE_METHOD_MATCH = YES;
				COPY_PHASE_STRIP = NO;
				DEBUG_INFORMATION_FORMAT = dwarf;
				DEVELOPMENT_TEAM = HZAZV43ASV;
				ENABLE_STRICT_OBJC_MSGSEND = YES;
				ENABLE_TESTABILITY = YES;
				ENABLE_USER_SCRIPT_SANDBOXING = YES;
				GCC_C_LANGUAGE_STANDARD = gnu17;
				GCC_DYNAMIC_NO_PIC = NO;
				GCC_NO_COMMON_BLOCKS = YES;
				GCC_OPTIMIZATION_LEVEL = 0;
				GCC_PREPROCESSOR_DEFINITIONS = (
					"DEBUG=1",
					"$(inherited)",
				);
				GCC_WARN_64_TO_32_BIT_CONVERSION = YES;
				GCC_WARN_ABOUT_RETURN_TYPE = YES_ERROR;
				GCC_WARN_UNDECLARED_SELECTOR = YES;
				GCC_WARN_UNINITIALIZED_AUTOS = YES_AGGRESSIVE;
				GCC_WARN_UNUSED_FUNCTION = YES;
				GCC_WARN_UNUSED_VARIABLE = YES;
				INFOPLIST_FILE = "$(SRCROOT)/Info.plist";
				IPHONEOS_DEPLOYMENT_TARGET = 18.5;
				LOCALIZATION_PREFERS_STRING_CATALOGS = YES;
				MTL_ENABLE_DEBUG_INFO = INCLUDE_SOURCE;
				MTL_FAST_MATH = YES;
				ONLY_ACTIVE_ARCH = YES;
				PRODUCT_NAME = Vitesse;
				SDKROOT = iphoneos;
				SWIFT_ACTIVE_COMPILATION_CONDITIONS = "DEBUG $(inherited)";
				SWIFT_OPTIMIZATION_LEVEL = "-Onone";
			};
			name = Debug;
		};
		9A23A4292E1FF7C600D744D0 /* Release */ = {
			isa = XCBuildConfiguration;
			buildSettings = {
				ALWAYS_SEARCH_USER_PATHS = NO;
				ASSETCATALOG_COMPILER_GENERATE_SWIFT_ASSET_SYMBOL_EXTENSIONS = YES;
				CLANG_ANALYZER_NONNULL = YES;
				CLANG_ANALYZER_NUMBER_OBJECT_CONVERSION = YES_AGGRESSIVE;
				CLANG_CXX_LANGUAGE_STANDARD = "gnu++20";
				CLANG_ENABLE_MODULES = YES;
				CLANG_ENABLE_OBJC_ARC = YES;
				CLANG_ENABLE_OBJC_WEAK = YES;
				CLANG_WARN_BLOCK_CAPTURE_AUTORELEASING = YES;
				CLANG_WARN_BOOL_CONVERSION = YES;
				CLANG_WARN_COMMA = YES;
				CLANG_WARN_CONSTANT_CONVERSION = YES;
				CLANG_WARN_DEPRECATED_OBJC_IMPLEMENTATIONS = YES;
				CLANG_WARN_DIRECT_OBJC_ISA_USAGE = YES_ERROR;
				CLANG_WARN_DOCUMENTATION_COMMENTS = YES;
				CLANG_WARN_EMPTY_BODY = YES;
				CLANG_WARN_ENUM_CONVERSION = YES;
				CLANG_WARN_INFINITE_RECURSION = YES;
				CLANG_WARN_INT_CONVERSION = YES;
				CLANG_WARN_NON_LITERAL_NULL_CONVERSION = YES;
				CLANG_WARN_OBJC_IMPLICIT_RETAIN_SELF = YES;
				CLANG_WARN_OBJC_LITERAL_CONVERSION = YES;
				CLANG_WARN_OBJC_ROOT_CLASS = YES_ERROR;
				CLANG_WARN_QUOTED_INCLUDE_IN_FRAMEWORK_HEADER = YES;
				CLANG_WARN_RANGE_LOOP_ANALYSIS = YES;
				CLANG_WARN_STRICT_PROTOTYPES = YES;
				CLANG_WARN_SUSPICIOUS_MOVE = YES;
				CLANG_WARN_UNGUARDED_AVAILABILITY = YES_AGGRESSIVE;
				CLANG_WARN_UNREACHABLE_CODE = YES;
				CLANG_WARN__DUPLICATE_METHOD_MATCH = YES;
				COPY_PHASE_STRIP = NO;
				DEBUG_INFORMATION_FORMAT = "dwarf-with-dsym";
				DEVELOPMENT_TEAM = HZAZV43ASV;
				ENABLE_NS_ASSERTIONS = NO;
				ENABLE_STRICT_OBJC_MSGSEND = YES;
				ENABLE_USER_SCRIPT_SANDBOXING = YES;
				GCC_C_LANGUAGE_STANDARD = gnu17;
				GCC_NO_COMMON_BLOCKS = YES;
				GCC_WARN_64_TO_32_BIT_CONVERSION = YES;
				GCC_WARN_ABOUT_RETURN_TYPE = YES_ERROR;
				GCC_WARN_UNDECLARED_SELECTOR = YES;
				GCC_WARN_UNINITIALIZED_AUTOS = YES_AGGRESSIVE;
				GCC_WARN_UNUSED_FUNCTION = YES;
				GCC_WARN_UNUSED_VARIABLE = YES;
				INFOPLIST_FILE = "$(SRCROOT)/Info.plist";
				IPHONEOS_DEPLOYMENT_TARGET = 18.5;
				LOCALIZATION_PREFERS_STRING_CATALOGS = YES;
				MTL_ENABLE_DEBUG_INFO = NO;
				MTL_FAST_MATH = YES;
				PRODUCT_NAME = Vitesse;
				SDKROOT = iphoneos;
				SWIFT_COMPILATION_MODE = wholemodule;
				VALIDATE_PRODUCT = YES;
			};
			name = Release;
		};
		9A23A42B2E1FF7C600D744D0 /* Debug */ = {
			isa = XCBuildConfiguration;
			buildSettings = {
				ASSETCATALOG_COMPILER_APPICON_NAME = AppIcon;
				ASSETCATALOG_COMPILER_GLOBAL_ACCENT_COLOR_NAME = AccentColor;
				CODE_SIGN_IDENTITY = "Apple Development";
				CODE_SIGN_STYLE = Automatic;
				CURRENT_PROJECT_VERSION = 1;
				DEVELOPMENT_TEAM = HZAZV43ASV;
				ENABLE_PREVIEWS = YES;
				GENERATE_INFOPLIST_FILE = NO;
				INFOPLIST_FILE = "$(SRCROOT)/Info.plist";
				INFOPLIST_KEY_UIApplicationSceneManifest_Generation = YES;
				INFOPLIST_KEY_UIApplicationSupportsIndirectInputEvents = YES;
				INFOPLIST_KEY_UILaunchScreen_Generation = YES;
				INFOPLIST_KEY_UISupportedInterfaceOrientations_iPad = "UIInterfaceOrientationPortrait UIInterfaceOrientationPortraitUpsideDown UIInterfaceOrientationLandscapeLeft UIInterfaceOrientationLandscapeRight";
				INFOPLIST_KEY_UISupportedInterfaceOrientations_iPhone = "UIInterfaceOrientationPortrait UIInterfaceOrientationLandscapeLeft UIInterfaceOrientationLandscapeRight";
				LD_RUNPATH_SEARCH_PATHS = (
					"$(inherited)",
					"@executable_path/Frameworks",
				);
				MARKETING_VERSION = 1.0;
				PRODUCT_BUNDLE_IDENTIFIER = Vitesse;
				PROVISIONING_PROFILE_SPECIFIER = "";
				SWIFT_EMIT_LOC_STRINGS = YES;
				SWIFT_VERSION = 5.0;
				TARGETED_DEVICE_FAMILY = "1,2";
			};
			name = Debug;
		};
		9A23A42C2E1FF7C600D744D0 /* Release */ = {
			isa = XCBuildConfiguration;
			buildSettings = {
				ASSETCATALOG_COMPILER_APPICON_NAME = AppIcon;
				ASSETCATALOG_COMPILER_GLOBAL_ACCENT_COLOR_NAME = AccentColor;
				CODE_SIGN_IDENTITY = "Apple Development";
				CODE_SIGN_STYLE = Automatic;
				CURRENT_PROJECT_VERSION = 1;
				DEVELOPMENT_TEAM = HZAZV43ASV;
				ENABLE_PREVIEWS = YES;
				GENERATE_INFOPLIST_FILE = NO;
				INFOPLIST_FILE = "$(SRCROOT)/Info.plist";
				INFOPLIST_KEY_UIApplicationSceneManifest_Generation = YES;
				INFOPLIST_KEY_UIApplicationSupportsIndirectInputEvents = YES;
				INFOPLIST_KEY_UILaunchScreen_Generation = YES;
				INFOPLIST_KEY_UISupportedInterfaceOrientations_iPad = "UIInterfaceOrientationPortrait UIInterfaceOrientationPortraitUpsideDown UIInterfaceOrientationLandscapeLeft UIInterfaceOrientationLandscapeRight";
				INFOPLIST_KEY_UISupportedInterfaceOrientations_iPhone = "UIInterfaceOrientationPortrait UIInterfaceOrientationLandscapeLeft UIInterfaceOrientationLandscapeRight";
				LD_RUNPATH_SEARCH_PATHS = (
					"$(inherited)",
					"@executable_path/Frameworks",
				);
				MARKETING_VERSION = 1.0;
				PRODUCT_BUNDLE_IDENTIFIER = Vitesse;
				PROVISIONING_PROFILE_SPECIFIER = "";
				SWIFT_EMIT_LOC_STRINGS = YES;
				SWIFT_VERSION = 5.0;
				TARGETED_DEVICE_FAMILY = "1,2";
			};
			name = Release;
		};
		9A23A42E2E1FF7C600D744D0 /* Debug */ = {
			isa = XCBuildConfiguration;
			buildSettings = {
				BUNDLE_LOADER = "$(TEST_HOST)";
				CODE_SIGN_STYLE = Automatic;
				CURRENT_PROJECT_VERSION = 1;
				DEVELOPMENT_TEAM = HZAZV43ASV;
				GENERATE_INFOPLIST_FILE = NO;
				INFOPLIST_FILE = "$(SRCROOT)/Info.plist";
				IPHONEOS_DEPLOYMENT_TARGET = 18.5;
				MARKETING_VERSION = 1.0;
				PRODUCT_NAME = VitesseTests;
				SWIFT_EMIT_LOC_STRINGS = NO;
				SWIFT_VERSION = 5.0;
				TARGETED_DEVICE_FAMILY = "1,2";
				TEST_HOST = "$(BUILT_PRODUCTS_DIR)/Vitesse.app/$(BUNDLE_EXECUTABLE_FOLDER_PATH)/Vitesse";
			};
			name = Debug;
		};
		9A23A42F2E1FF7C600D744D0 /* Release */ = {
			isa = XCBuildConfiguration;
			buildSettings = {
				BUNDLE_LOADER = "$(TEST_HOST)";
				CODE_SIGN_STYLE = Automatic;
				CURRENT_PROJECT_VERSION = 1;
				DEVELOPMENT_TEAM = HZAZV43ASV;
				GENERATE_INFOPLIST_FILE = NO;
				INFOPLIST_FILE = "$(SRCROOT)/Info.plist";
				IPHONEOS_DEPLOYMENT_TARGET = 18.5;
				MARKETING_VERSION = 1.0;
				PRODUCT_NAME = VitesseTests;
				SWIFT_EMIT_LOC_STRINGS = NO;
				SWIFT_VERSION = 5.0;
				TARGETED_DEVICE_FAMILY = "1,2";
				TEST_HOST = "$(BUILT_PRODUCTS_DIR)/Vitesse.app/$(BUNDLE_EXECUTABLE_FOLDER_PATH)/Vitesse";
			};
			name = Release;
		};
		9A23A4312E1FF7C600D744D0 /* Debug */ = {
			isa = XCBuildConfiguration;
			buildSettings = {
				CODE_SIGN_STYLE = Automatic;
				CURRENT_PROJECT_VERSION = 1;
				DEVELOPMENT_TEAM = HZAZV43ASV;
				GENERATE_INFOPLIST_FILE = NO;
				INFOPLIST_FILE = "$(SRCROOT)/Info.plist";
				MARKETING_VERSION = 1.0;
				PRODUCT_NAME = VitesseUITests;
				SWIFT_EMIT_LOC_STRINGS = NO;
				SWIFT_VERSION = 5.0;
				TARGETED_DEVICE_FAMILY = "1,2";
				TEST_TARGET_NAME = vitesse;
			};
			name = Debug;
		};
		9A23A4322E1FF7C600D744D0 /* Release */ = {
			isa = XCBuildConfiguration;
			buildSettings = {
				CODE_SIGN_STYLE = Automatic;
				CURRENT_PROJECT_VERSION = 1;
				DEVELOPMENT_TEAM = HZAZV43ASV;
				GENERATE_INFOPLIST_FILE = NO;
				INFOPLIST_FILE = "$(SRCROOT)/Info.plist";
				MARKETING_VERSION = 1.0;
				PRODUCT_NAME = VitesseUITests;
				SWIFT_EMIT_LOC_STRINGS = NO;
				SWIFT_VERSION = 5.0;
				TARGETED_DEVICE_FAMILY = "1,2";
				TEST_TARGET_NAME = vitesse;
			};
			name = Release;
		};
/* End XCBuildConfiguration section */

/* Begin XCConfigurationList section */
		9A23A4042E1FF7C400D744D0 /* Build configuration list for PBXProject "Vitesse" */ = {
			isa = XCConfigurationList;
			buildConfigurations = (
				9A23A4282E1FF7C600D744D0 /* Debug */,
				9A23A4292E1FF7C600D744D0 /* Release */,
			);
			defaultConfigurationIsVisible = 0;
			defaultConfigurationName = Release;
		};
		9A23A42A2E1FF7C600D744D0 /* Build configuration list for PBXNativeTarget "Vitesse" */ = {
			isa = XCConfigurationList;
			buildConfigurations = (
				9A23A42B2E1FF7C600D744D0 /* Debug */,
				9A23A42C2E1FF7C600D744D0 /* Release */,
			);
			defaultConfigurationIsVisible = 0;
			defaultConfigurationName = Release;
		};
		9A23A42D2E1FF7C600D744D0 /* Build configuration list for PBXNativeTarget "VitesseTests" */ = {
			isa = XCConfigurationList;
			buildConfigurations = (
				9A23A42E2E1FF7C600D744D0 /* Debug */,
				9A23A42F2E1FF7C600D744D0 /* Release */,
			);
			defaultConfigurationIsVisible = 0;
			defaultConfigurationName = Release;
		};
		9A23A4302E1FF7C600D744D0 /* Build configuration list for PBXNativeTarget "VitesseUITests" */ = {
			isa = XCConfigurationList;
			buildConfigurations = (
				9A23A4312E1FF7C600D744D0 /* Debug */,
				9A23A4322E1FF7C600D744D0 /* Release */,
			);
			defaultConfigurationIsVisible = 0;
			defaultConfigurationName = Release;
		};
/* End XCConfigurationList section */
	};
	rootObject = 9A23A4012E1FF7C400D744D0 /* Project object */;
}
